
Microsoft Visual Studio Solution File, Format Version 12.00
# Visual Studio Version 16
VisualStudioVersion = 16.0.31515.178
MinimumVisualStudioVersion = 10.0.40219.1
Project("{FAE04EC0-301F-11D3-BF4B-00C04F79EFBC}") = "Encrypted Messaging App.Android", "Encrypted Messaging App\Encrypted Messaging App.Android\Encrypted Messaging App.Android.csproj", "{53C7CECD-63C6-43F9-B719-4DAF47818970}"
EndProject
Project("{FAE04EC0-301F-11D3-BF4B-00C04F79EFBC}") = "Encrypted Messaging App.iOS", "Encrypted Messaging App\Encrypted Messaging App.iOS\Encrypted Messaging App.iOS.csproj", "{4EA8D013-818B-4EA2-B5DE-5757146967C4}"
EndProject
Project("{9A19103F-16F7-4668-BE54-9A1E7A4F7556}") = "Encrypted Messaging App", "Encrypted Messaging App\Encrypted Messaging App\Encrypted Messaging App.csproj", "{29A97938-A02D-45BA-B306-3A629BEAA9FB}"
EndProject
Global
	GlobalSection(SolutionConfigurationPlatforms) = preSolution
		Debug|Any CPU = Debug|Any CPU
		Debug|ARM = Debug|ARM
		Debug|ARM64 = Debug|ARM64
		Debug|iPhone = Debug|iPhone
		Debug|iPhoneSimulator = Debug|iPhoneSimulator
		Debug|x64 = Debug|x64
		Debug|x86 = Debug|x86
		Release|Any CPU = Release|Any CPU
		Release|ARM = Release|ARM
		Release|ARM64 = Release|ARM64
		Release|iPhone = Release|iPhone
		Release|iPhoneSimulator = Release|iPhoneSimulator
		Release|x64 = Release|x64
		Release|x86 = Release|x86
	EndGlobalSection
	GlobalSection(ProjectConfigurationPlatforms) = postSolution
		{53C7CECD-63C6-43F9-B719-4DAF47818970}.Debug|Any CPU.ActiveCfg = Debug|Any CPU
		{53C7CECD-63C6-43F9-B719-4DAF47818970}.Debug|Any CPU.Build.0 = Debug|Any CPU
		{53C7CECD-63C6-43F9-B719-4DAF47818970}.Debug|Any CPU.Deploy.0 = Debug|Any CPU
		{53C7CECD-63C6-43F9-B719-4DAF47818970}.Debug|ARM.ActiveCfg = Debug|Any CPU
		{53C7CECD-63C6-43F9-B719-4DAF47818970}.Debug|ARM.Build.0 = Debug|Any CPU
		{53C7CECD-63C6-43F9-B719-4DAF47818970}.Debug|ARM.Deploy.0 = Debug|Any CPU
		{53C7CECD-63C6-43F9-B719-4DAF47818970}.Debug|ARM64.ActiveCfg = Debug|Any CPU
		{53C7CECD-63C6-43F9-B719-4DAF47818970}.Debug|ARM64.Build.0 = Debug|Any CPU
		{53C7CECD-63C6-43F9-B719-4DAF47818970}.Debug|ARM64.Deploy.0 = Debug|Any CPU
		{53C7CECD-63C6-43F9-B719-4DAF47818970}.Debug|iPhone.ActiveCfg = Debug|Any CPU
		{53C7CECD-63C6-43F9-B719-4DAF47818970}.Debug|iPhone.Build.0 = Debug|Any CPU
		{53C7CECD-63C6-43F9-B719-4DAF47818970}.Debug|iPhone.Deploy.0 = Debug|Any CPU
		{53C7CECD-63C6-43F9-B719-4DAF47818970}.Debug|iPhoneSimulator.ActiveCfg = Debug|Any CPU
		{53C7CECD-63C6-43F9-B719-4DAF47818970}.Debug|iPhoneSimulator.Build.0 = Debug|Any CPU
		{53C7CECD-63C6-43F9-B719-4DAF47818970}.Debug|iPhoneSimulator.Deploy.0 = Debug|Any CPU
		{53C7CECD-63C6-43F9-B719-4DAF47818970}.Debug|x64.ActiveCfg = Debug|Any CPU
		{53C7CECD-63C6-43F9-B719-4DAF47818970}.Debug|x64.Build.0 = Debug|Any CPU
		{53C7CECD-63C6-43F9-B719-4DAF47818970}.Debug|x64.Deploy.0 = Debug|Any CPU
		{53C7CECD-63C6-43F9-B719-4DAF47818970}.Debug|x86.ActiveCfg = Debug|Any CPU
		{53C7CECD-63C6-43F9-B719-4DAF47818970}.Debug|x86.Build.0 = Debug|Any CPU
		{53C7CECD-63C6-43F9-B719-4DAF47818970}.Debug|x86.Deploy.0 = Debug|Any CPU
		{53C7CECD-63C6-43F9-B719-4DAF47818970}.Release|Any CPU.ActiveCfg = Release|Any CPU
		{53C7CECD-63C6-43F9-B719-4DAF47818970}.Release|Any CPU.Build.0 = Release|Any CPU
		{53C7CECD-63C6-43F9-B719-4DAF47818970}.Release|Any CPU.Deploy.0 = Release|Any CPU
		{53C7CECD-63C6-43F9-B719-4DAF47818970}.Release|ARM.ActiveCfg = Release|Any CPU
		{53C7CECD-63C6-43F9-B719-4DAF47818970}.Release|ARM.Build.0 = Release|Any CPU
		{53C7CECD-63C6-43F9-B719-4DAF47818970}.Release|ARM.Deploy.0 = Release|Any CPU
		{53C7CECD-63C6-43F9-B719-4DAF47818970}.Release|ARM64.ActiveCfg = Release|Any CPU
		{53C7CECD-63C6-43F9-B719-4DAF47818970}.Release|ARM64.Build.0 = Release|Any CPU
		{53C7CECD-63C6-43F9-B719-4DAF47818970}.Release|ARM64.Deploy.0 = Release|Any CPU
		{53C7CECD-63C6-43F9-B719-4DAF47818970}.Release|iPhone.ActiveCfg = Release|Any CPU
		{53C7CECD-63C6-43F9-B719-4DAF47818970}.Release|iPhone.Build.0 = Release|Any CPU
		{53C7CECD-63C6-43F9-B719-4DAF47818970}.Release|iPhone.Deploy.0 = Release|Any CPU
		{53C7CECD-63C6-43F9-B719-4DAF47818970}.Release|iPhoneSimulator.ActiveCfg = Release|Any CPU
		{53C7CECD-63C6-43F9-B719-4DAF47818970}.Release|iPhoneSimulator.Build.0 = Release|Any CPU
		{53C7CECD-63C6-43F9-B719-4DAF47818970}.Release|iPhoneSimulator.Deploy.0 = Release|Any CPU
		{53C7CECD-63C6-43F9-B719-4DAF47818970}.Release|x64.ActiveCfg = Release|Any CPU
		{53C7CECD-63C6-43F9-B719-4DAF47818970}.Release|x64.Build.0 = Release|Any CPU
		{53C7CECD-63C6-43F9-B719-4DAF47818970}.Release|x64.Deploy.0 = Release|Any CPU
		{53C7CECD-63C6-43F9-B719-4DAF47818970}.Release|x86.ActiveCfg = Release|Any CPU
		{53C7CECD-63C6-43F9-B719-4DAF47818970}.Release|x86.Build.0 = Release|Any CPU
		{53C7CECD-63C6-43F9-B719-4DAF47818970}.Release|x86.Deploy.0 = Release|Any CPU
		{4EA8D013-818B-4EA2-B5DE-5757146967C4}.Debug|Any CPU.ActiveCfg = Debug|iPhone
		{4EA8D013-818B-4EA2-B5DE-5757146967C4}.Debug|Any CPU.Build.0 = Debug|iPhone
		{4EA8D013-818B-4EA2-B5DE-5757146967C4}.Debug|Any CPU.Deploy.0 = Debug|iPhone
		{4EA8D013-818B-4EA2-B5DE-5757146967C4}.Debug|ARM.ActiveCfg = Debug|iPhoneSimulator
		{4EA8D013-818B-4EA2-B5DE-5757146967C4}.Debug|ARM64.ActiveCfg = Debug|iPhoneSimulator
		{4EA8D013-818B-4EA2-B5DE-5757146967C4}.Debug|iPhone.ActiveCfg = Debug|iPhone
		{4EA8D013-818B-4EA2-B5DE-5757146967C4}.Debug|iPhone.Build.0 = Debug|iPhone
		{4EA8D013-818B-4EA2-B5DE-5757146967C4}.Debug|iPhone.Deploy.0 = Debug|iPhone
		{4EA8D013-818B-4EA2-B5DE-5757146967C4}.Debug|iPhoneSimulator.ActiveCfg = Debug|iPhoneSimulator
		{4EA8D013-818B-4EA2-B5DE-5757146967C4}.Debug|iPhoneSimulator.Build.0 = Debug|iPhoneSimulator
		{4EA8D013-818B-4EA2-B5DE-5757146967C4}.Debug|iPhoneSimulator.Deploy.0 = Debug|iPhoneSimulator
		{4EA8D013-818B-4EA2-B5DE-5757146967C4}.Debug|x64.ActiveCfg = Debug|iPhoneSimulator
		{4EA8D013-818B-4EA2-B5DE-5757146967C4}.Debug|x86.ActiveCfg = Debug|iPhoneSimulator
		{4EA8D013-818B-4EA2-B5DE-5757146967C4}.Release|Any CPU.ActiveCfg = Release|iPhoneSimulator
		{4EA8D013-818B-4EA2-B5DE-5757146967C4}.Release|Any CPU.Build.0 = Release|iPhoneSimulator
		{4EA8D013-818B-4EA2-B5DE-5757146967C4}.Release|Any CPU.Deploy.0 = Release|iPhoneSimulator
		{4EA8D013-818B-4EA2-B5DE-5757146967C4}.Release|ARM.ActiveCfg = Release|iPhone
		{4EA8D013-818B-4EA2-B5DE-5757146967C4}.Release|ARM64.ActiveCfg = Release|iPhone
		{4EA8D013-818B-4EA2-B5DE-5757146967C4}.Release|iPhone.ActiveCfg = Release|iPhone
		{4EA8D013-818B-4EA2-B5DE-5757146967C4}.Release|iPhone.Build.0 = Release|iPhone
		{4EA8D013-818B-4EA2-B5DE-5757146967C4}.Release|iPhone.Deploy.0 = Release|iPhone
		{4EA8D013-818B-4EA2-B5DE-5757146967C4}.Release|iPhoneSimulator.ActiveCfg = Release|iPhoneSimulator
		{4EA8D013-818B-4EA2-B5DE-5757146967C4}.Release|iPhoneSimulator.Build.0 = Release|iPhoneSimulator
		{4EA8D013-818B-4EA2-B5DE-5757146967C4}.Release|iPhoneSimulator.Deploy.0 = Release|iPhoneSimulator
		{4EA8D013-818B-4EA2-B5DE-5757146967C4}.Release|x64.ActiveCfg = Release|iPhone
		{4EA8D013-818B-4EA2-B5DE-5757146967C4}.Release|x86.ActiveCfg = Release|iPhone
		{29A97938-A02D-45BA-B306-3A629BEAA9FB}.Debug|Any CPU.ActiveCfg = Debug|Any CPU
		{29A97938-A02D-45BA-B306-3A629BEAA9FB}.Debug|Any CPU.Build.0 = Debug|Any CPU
		{29A97938-A02D-45BA-B306-3A629BEAA9FB}.Debug|Any CPU.Deploy.0 = Debug|Any CPU
		{29A97938-A02D-45BA-B306-3A629BEAA9FB}.Debug|ARM.ActiveCfg = Debug|Any CPU
		{29A97938-A02D-45BA-B306-3A629BEAA9FB}.Debug|ARM.Build.0 = Debug|Any CPU
		{29A97938-A02D-45BA-B306-3A629BEAA9FB}.Debug|ARM64.ActiveCfg = Debug|Any CPU
		{29A97938-A02D-45BA-B306-3A629BEAA9FB}.Debug|ARM64.Build.0 = Debug|Any CPU
		{29A97938-A02D-45BA-B306-3A629BEAA9FB}.Debug|iPhone.ActiveCfg = Debug|Any CPU
		{29A97938-A02D-45BA-B306-3A629BEAA9FB}.Debug|iPhone.Build.0 = Debug|Any CPU
		{29A97938-A02D-45BA-B306-3A629BEAA9FB}.Debug|iPhone.Deploy.0 = Debug|Any CPU
		{29A97938-A02D-45BA-B306-3A629BEAA9FB}.Debug|iPhoneSimulator.ActiveCfg = Debug|Any CPU
		{29A97938-A02D-45BA-B306-3A629BEAA9FB}.Debug|iPhoneSimulator.Build.0 = Debug|Any CPU
		{29A97938-A02D-45BA-B306-3A629BEAA9FB}.Debug|iPhoneSimulator.Deploy.0 = Debug|Any CPU
		{29A97938-A02D-45BA-B306-3A629BEAA9FB}.Debug|x64.ActiveCfg = Debug|Any CPU
		{29A97938-A02D-45BA-B306-3A629BEAA9FB}.Debug|x64.Build.0 = Debug|Any CPU
		{29A97938-A02D-45BA-B306-3A629BEAA9FB}.Debug|x86.ActiveCfg = Debug|Any CPU
		{29A97938-A02D-45BA-B306-3A629BEAA9FB}.Debug|x86.Build.0 = Debug|Any CPU
		{29A97938-A02D-45BA-B306-3A629BEAA9FB}.Release|Any CPU.ActiveCfg = Release|Any CPU
		{29A97938-A02D-45BA-B306-3A629BEAA9FB}.Release|Any CPU.Build.0 = Release|Any CPU
		{29A97938-A02D-45BA-B306-3A629BEAA9FB}.Release|Any CPU.Deploy.0 = Release|Any CPU
		{29A97938-A02D-45BA-B306-3A629BEAA9FB}.Release|ARM.ActiveCfg = Release|Any CPU
		{29A97938-A02D-45BA-B306-3A629BEAA9FB}.Release|ARM.Build.0 = Release|Any CPU
		{29A97938-A02D-45BA-B306-3A629BEAA9FB}.Release|ARM64.ActiveCfg = Release|Any CPU
		{29A97938-A02D-45BA-B306-3A629BEAA9FB}.Release|ARM64.Build.0 = Release|Any CPU
		{29A97938-A02D-45BA-B306-3A629BEAA9FB}.Release|iPhone.ActiveCfg = Release|Any CPU
		{29A97938-A02D-45BA-B306-3A629BEAA9FB}.Release|iPhone.Build.0 = Release|Any CPU
		{29A97938-A02D-45BA-B306-3A629BEAA9FB}.Release|iPhone.Deploy.0 = Release|Any CPU
		{29A97938-A02D-45BA-B306-3A629BEAA9FB}.Release|iPhoneSimulator.ActiveCfg = Release|Any CPU
		{29A97938-A02D-45BA-B306-3A629BEAA9FB}.Release|iPhoneSimulator.Build.0 = Release|Any CPU
		{29A97938-A02D-45BA-B306-3A629BEAA9FB}.Release|iPhoneSimulator.Deploy.0 = Release|Any CPU
		{29A97938-A02D-45BA-B306-3A629BEAA9FB}.Release|x64.ActiveCfg = Release|Any CPU
		{29A97938-A02D-45BA-B306-3A629BEAA9FB}.Release|x64.Build.0 = Release|Any CPU
		{29A97938-A02D-45BA-B306-3A629BEAA9FB}.Release|x86.ActiveCfg = Release|Any CPU
		{29A97938-A02D-45BA-B306-3A629BEAA9FB}.Release|x86.Build.0 = Release|Any CPU
	EndGlobalSection
	GlobalSection(SolutionProperties) = preSolution
		HideSolutionNode = FALSE
	EndGlobalSection
	GlobalSection(ExtensibilityGlobals) = postSolution
		SolutionGuid = {044E3BFC-AD3D-4669-BDDD-D3E4F7CFF26C}
	EndGlobalSection
EndGlobal
